// !$*UTF8*$!
{
	archiveVersion = 1;
	classes = {
	};
	objectVersion = 50;
	objects = {

/* Begin PBXBuildFile section */
		F422BF5322D31F09004898CD /* MainStoryboard.storyboard in Resources */ = {isa = PBXBuildFile; fileRef = F422BF5222D31F09004898CD /* MainStoryboard.storyboard */; };
		F422BF5522D320CA004898CD /* TableViewController.swift in Sources */ = {isa = PBXBuildFile; fileRef = F422BF5422D320CA004898CD /* TableViewController.swift */; };
		F422BF5722D320FA004898CD /* Person.swift in Sources */ = {isa = PBXBuildFile; fileRef = F422BF5622D320FA004898CD /* Person.swift */; };
		F422BF5922D32174004898CD /* Dataservice.swift in Sources */ = {isa = PBXBuildFile; fileRef = F422BF5822D32174004898CD /* Dataservice.swift */; };
		F422BF5B22D3228A004898CD /* TableViewCell.swift in Sources */ = {isa = PBXBuildFile; fileRef = F422BF5A22D3228A004898CD /* TableViewCell.swift */; };
		F422BF5D22D324A5004898CD /* ViewController2.swift in Sources */ = {isa = PBXBuildFile; fileRef = F422BF5C22D324A5004898CD /* ViewController2.swift */; };
		F422BF6622D32C0F004898CD /* ExtensionNotificationName.swift in Sources */ = {isa = PBXBuildFile; fileRef = F422BF6522D32C0F004898CD /* ExtensionNotificationName.swift */; };
		F46787EC22D2E4340035E3D1 /* AppDelegate.swift in Sources */ = {isa = PBXBuildFile; fileRef = F46787EB22D2E4340035E3D1 /* AppDelegate.swift */; };
		F46787F322D2E4340035E3D1 /* Assets.xcassets in Resources */ = {isa = PBXBuildFile; fileRef = F46787F222D2E4340035E3D1 /* Assets.xcassets */; };
		F46787F622D2E4340035E3D1 /* LaunchScreen.storyboard in Resources */ = {isa = PBXBuildFile; fileRef = F46787F422D2E4340035E3D1 /* LaunchScreen.storyboard */; };
/* End PBXBuildFile section */

/* Begin PBXFileReference section */
		F422BF5222D31F09004898CD /* MainStoryboard.storyboard */ = {isa = PBXFileReference; lastKnownFileType = file.storyboard; path = MainStoryboard.storyboard; sourceTree = "<group>"; };
		F422BF5422D320CA004898CD /* TableViewController.swift */ = {isa = PBXFileReference; lastKnownFileType = sourcecode.swift; path = TableViewController.swift; sourceTree = "<group>"; };
		F422BF5622D320FA004898CD /* Person.swift */ = {isa = PBXFileReference; lastKnownFileType = sourcecode.swift; path = Person.swift; sourceTree = "<group>"; };
		F422BF5822D32174004898CD /* Dataservice.swift */ = {isa = PBXFileReference; lastKnownFileType = sourcecode.swift; path = Dataservice.swift; sourceTree = "<group>"; };
		F422BF5A22D3228A004898CD /* TableViewCell.swift */ = {isa = PBXFileReference; lastKnownFileType = sourcecode.swift; path = TableViewCell.swift; sourceTree = "<group>"; };
		F422BF5C22D324A5004898CD /* ViewController2.swift */ = {isa = PBXFileReference; lastKnownFileType = sourcecode.swift; path = ViewController2.swift; sourceTree = "<group>"; };
		F422BF6522D32C0F004898CD /* ExtensionNotificationName.swift */ = {isa = PBXFileReference; lastKnownFileType = sourcecode.swift; path = ExtensionNotificationName.swift; sourceTree = "<group>"; };
		F46787E822D2E4340035E3D1 /* MVC_edmo.app */ = {isa = PBXFileReference; explicitFileType = wrapper.application; includeInIndex = 0; path = MVC_edmo.app; sourceTree = BUILT_PRODUCTS_DIR; };
		F46787EB22D2E4340035E3D1 /* AppDelegate.swift */ = {isa = PBXFileReference; lastKnownFileType = sourcecode.swift; path = AppDelegate.swift; sourceTree = "<group>"; };
		F46787F222D2E4340035E3D1 /* Assets.xcassets */ = {isa = PBXFileReference; lastKnownFileType = folder.assetcatalog; path = Assets.xcassets; sourceTree = "<group>"; };
		F46787F522D2E4340035E3D1 /* Base */ = {isa = PBXFileReference; lastKnownFileType = file.storyboard; name = Base; path = Base.lproj/LaunchScreen.storyboard; sourceTree = "<group>"; };
		F46787F722D2E4340035E3D1 /* Info.plist */ = {isa = PBXFileReference; lastKnownFileType = text.plist.xml; path = Info.plist; sourceTree = "<group>"; };
/* End PBXFileReference section */

/* Begin PBXFrameworksBuildPhase section */
		F46787E522D2E4340035E3D1 /* Frameworks */ = {
			isa = PBXFrameworksBuildPhase;
			buildActionMask = 2147483647;
			files = (
			);
			runOnlyForDeploymentPostprocessing = 0;
		};
/* End PBXFrameworksBuildPhase section */

/* Begin PBXGroup section */
		F422BF5E22D32759004898CD /* Model */ = {
			isa = PBXGroup;
			children = (
				F422BF5622D320FA004898CD /* Person.swift */,
				F422BF5822D32174004898CD /* Dataservice.swift */,
				F422BF6522D32C0F004898CD /* ExtensionNotificationName.swift */,
			);
			path = Model;
			sourceTree = "<group>";
		};
		F422BF5F22D32765004898CD /* View */ = {
			isa = PBXGroup;
			children = (
				F422BF5A22D3228A004898CD /* TableViewCell.swift */,
			);
			path = View;
			sourceTree = "<group>";
		};
		F422BF6022D32783004898CD /* Controller */ = {
			isa = PBXGroup;
			children = (
				F422BF5422D320CA004898CD /* TableViewController.swift */,
				F422BF5C22D324A5004898CD /* ViewController2.swift */,
			);
			path = Controller;
			sourceTree = "<group>";
		};
		F422BF6122D327E5004898CD /* SupportingFile */ = {
			isa = PBXGroup;
			children = (
				F46787F722D2E4340035E3D1 /* Info.plist */,
			);
			path = SupportingFile;
			sourceTree = "<group>";
		};
		F422BF6222D32803004898CD /* Resources */ = {
			isa = PBXGroup;
			children = (
				F46787F222D2E4340035E3D1 /* Assets.xcassets */,
				F422BF5222D31F09004898CD /* MainStoryboard.storyboard */,
				F46787F422D2E4340035E3D1 /* LaunchScreen.storyboard */,
				F46787EB22D2E4340035E3D1 /* AppDelegate.swift */,
			);
			path = Resources;
			sourceTree = "<group>";
		};
		F46787DF22D2E4340035E3D1 = {
			isa = PBXGroup;
			children = (
				F46787EA22D2E4340035E3D1 /* MVC_edmo */,
				F46787E922D2E4340035E3D1 /* Products */,
			);
			sourceTree = "<group>";
		};
		F46787E922D2E4340035E3D1 /* Products */ = {
			isa = PBXGroup;
			children = (
				F46787E822D2E4340035E3D1 /* MVC_edmo.app */,
			);
			name = Products;
			sourceTree = "<group>";
		};
		F46787EA22D2E4340035E3D1 /* MVC_edmo */ = {
			isa = PBXGroup;
			children = (
				F422BF5F22D32765004898CD /* View */,
				F422BF5E22D32759004898CD /* Model */,
				F422BF6022D32783004898CD /* Controller */,
				F422BF6222D32803004898CD /* Resources */,
				F422BF6122D327E5004898CD /* SupportingFile */,
			);
			path = MVC_edmo;
			sourceTree = "<group>";
		};
/* End PBXGroup section */

/* Begin PBXNativeTarget section */
		F46787E722D2E4340035E3D1 /* MVC_edmo */ = {
			isa = PBXNativeTarget;
			buildConfigurationList = F46787FA22D2E4340035E3D1 /* Build configuration list for PBXNativeTarget "MVC_edmo" */;
			buildPhases = (
				F46787E422D2E4340035E3D1 /* Sources */,
				F46787E522D2E4340035E3D1 /* Frameworks */,
				F46787E622D2E4340035E3D1 /* Resources */,
			);
			buildRules = (
			);
			dependencies = (
			);
			name = MVC_edmo;
			productName = MVC_edmo;
			productReference = F46787E822D2E4340035E3D1 /* MVC_edmo.app */;
			productType = "com.apple.product-type.application";
		};
/* End PBXNativeTarget section */

/* Begin PBXProject section */
		F46787E022D2E4340035E3D1 /* Project object */ = {
			isa = PBXProject;
			attributes = {
				LastSwiftUpdateCheck = 1000;
				LastUpgradeCheck = 1000;
				ORGANIZATIONNAME = Ngoc;
				TargetAttributes = {
					F46787E722D2E4340035E3D1 = {
						CreatedOnToolsVersion = 10.0;
					};
				};
			};
			buildConfigurationList = F46787E322D2E4340035E3D1 /* Build configuration list for PBXProject "MVC_edmo" */;
			compatibilityVersion = "Xcode 9.3";
			developmentRegion = en;
			hasScannedForEncodings = 0;
			knownRegions = (
				en,
				Base,
			);
			mainGroup = F46787DF22D2E4340035E3D1;
			productRefGroup = F46787E922D2E4340035E3D1 /* Products */;
			projectDirPath = "";
			projectRoot = "";
			targets = (
				F46787E722D2E4340035E3D1 /* MVC_edmo */,
			);
		};
/* End PBXProject section */

/* Begin PBXResourcesBuildPhase section */
		F46787E622D2E4340035E3D1 /* Resources */ = {
			isa = PBXResourcesBuildPhase;
			buildActionMask = 2147483647;
			files = (
				F422BF5322D31F09004898CD /* MainStoryboard.storyboard in Resources */,
				F46787F622D2E4340035E3D1 /* LaunchScreen.storyboard in Resources */,
				F46787F322D2E4340035E3D1 /* Assets.xcassets in Resources */,
			);
			runOnlyForDeploymentPostprocessing = 0;
		};
/* End PBXResourcesBuildPhase section */

/* Begin PBXSourcesBuildPhase section */
		F46787E422D2E4340035E3D1 /* Sources */ = {
			isa = PBXSourcesBuildPhase;
			buildActionMask = 2147483647;
			files = (
				F422BF5B22D3228A004898CD /* TableViewCell.swift in Sources */,
				F422BF6622D32C0F004898CD /* ExtensionNotificationName.swift in Sources */,
				F422BF5722D320FA004898CD /* Person.swift in Sources */,
				F46787EC22D2E4340035E3D1 /* AppDelegate.swift in Sources */,
				F422BF5522D320CA004898CD /* TableViewController.swift in Sources */,
				F422BF5922D32174004898CD /* Dataservice.swift in Sources */,
				F422BF5D22D324A5004898CD /* ViewController2.swift in Sources */,
			);
			runOnlyForDeploymentPostprocessing = 0;
		};
/* End PBXSourcesBuildPhase section */

/* Begin PBXVariantGroup section */
		F46787F422D2E4340035E3D1 /* LaunchScreen.storyboard */ = {
			isa = PBXVariantGroup;
			children = (
				F46787F522D2E4340035E3D1 /* Base */,
			);
			name = LaunchScreen.storyboard;
			sourceTree = "<group>";
		};
/* End PBXVariantGroup section */

/* Begin XCBuildConfiguration section */
		F46787F822D2E4340035E3D1 /* Debug */ = {
			isa = XCBuildConfiguration;
			buildSettings = {
				ALWAYS_SEARCH_USER_PATHS = NO;
				CLANG_ANALYZER_NONNULL = YES;
				CLANG_ANALYZER_NUMBER_OBJECT_CONVERSION = YES_AGGRESSIVE;
				CLANG_CXX_LANGUAGE_STANDARD = "gnu++14";
				CLANG_CXX_LIBRARY = "libc++";
				CLANG_ENABLE_MODULES = YES;
				CLANG_ENABLE_OBJC_ARC = YES;
				CLANG_ENABLE_OBJC_WEAK = YES;
				CLANG_WARN_BLOCK_CAPTURE_AUTORELEASING = YES;
				CLANG_WARN_BOOL_CONVERSION = YES;
				CLANG_WARN_COMMA = YES;
				CLANG_WARN_CONSTANT_CONVERSION = YES;
				CLANG_WARN_DEPRECATED_OBJC_IMPLEMENTATIONS = YES;
				CLANG_WARN_DIRECT_OBJC_ISA_USAGE = YES_ERROR;
				CLANG_WARN_DOCUMENTATION_COMMENTS = YES;
				CLANG_WARN_EMPTY_BODY = YES;
				CLANG_WARN_ENUM_CONVERSION = YES;
				CLANG_WARN_INFINITE_RECURSION = YES;
				CLANG_WARN_INT_CONVERSION = YES;
				CLANG_WARN_NON_LITERAL_NULL_CONVERSION = YES;
				CLANG_WARN_OBJC_IMPLICIT_RETAIN_SELF = YES;
				CLANG_WARN_OBJC_LITERAL_CONVERSION = YES;
				CLANG_WARN_OBJC_ROOT_CLASS = YES_ERROR;
				CLANG_WARN_RANGE_LOOP_ANALYSIS = YES;
				CLANG_WARN_STRICT_PROTOTYPES = YES;
				CLANG_WARN_SUSPICIOUS_MOVE = YES;
				CLANG_WARN_UNGUARDED_AVAILABILITY = YES_AGGRESSIVE;
				CLANG_WARN_UNREACHABLE_CODE = YES;
				CLANG_WARN__DUPLICATE_METHOD_MATCH = YES;
				CODE_SIGN_IDENTITY = "iPhone Developer";
				COPY_PHASE_STRIP = NO;
				DEBUG_INFORMATION_FORMAT = dwarf;
				ENABLE_STRICT_OBJC_MSGSEND = YES;
				ENABLE_TESTABILITY = YES;
				GCC_C_LANGUAGE_STANDARD = gnu11;
				GCC_DYNAMIC_NO_PIC = NO;
				GCC_NO_COMMON_BLOCKS = YES;
				GCC_OPTIMIZATION_LEVEL = 0;
				GCC_PREPROCESSOR_DEFINITIONS = (
					"DEBUG=1",
					"$(inherited)",
				);
				GCC_WARN_64_TO_32_BIT_CONVERSION = YES;
				GCC_WARN_ABOUT_RETURN_TYPE = YES_ERROR;
				GCC_WARN_UNDECLARED_SELECTOR = YES;
				GCC_WARN_UNINITIALIZED_AUTOS = YES_AGGRESSIVE;
				GCC_WARN_UNUSED_FUNCTION = YES;
				GCC_WARN_UNUSED_VARIABLE = YES;
				IPHONEOS_DEPLOYMENT_TARGET = 12.0;
				MTL_ENABLE_DEBUG_INFO = INCLUDE_SOURCE;
				MTL_FAST_MATH = YES;
				ONLY_ACTIVE_ARCH = YES;
				SDKROOT = iphoneos;
				SWIFT_ACTIVE_COMPILATION_CONDITIONS = DEBUG;
				SWIFT_OPTIMIZATION_LEVEL = "-Onone";
			};
			name = Debug;
		};
		F46787F922D2E4340035E3D1 /* Release */ = {
			isa = XCBuildConfiguration;
			buildSettings = {
				ALWAYS_SEARCH_USER_PATHS = NO;
				CLANG_ANALYZER_NONNULL = YES;
				CLANG_ANALYZER_NUMBER_OBJECT_CONVERSION = YES_AGGRESSIVE;
				CLANG_CXX_LANGUAGE_STANDARD = "gnu++14";
				CLANG_CXX_LIBRARY = "libc++";
				CLANG_ENABLE_MODULES = YES;
				CLANG_ENABLE_OBJC_ARC = YES;
				CLANG_ENABLE_OBJC_WEAK = YES;
				CLANG_WARN_BLOCK_CAPTURE_AUTORELEASING = YES;
				CLANG_WARN_BOOL_CONVERSION = YES;
				CLANG_WARN_COMMA = YES;
				CLANG_WARN_CONSTANT_CONVERSION = YES;
				CLANG_WARN_DEPRECATED_OBJC_IMPLEMENTATIONS = YES;
				CLANG_WARN_DIRECT_OBJC_ISA_USAGE = YES_ERROR;
				CLANG_WARN_DOCUMENTATION_COMMENTS = YES;
				CLANG_WARN_EMPTY_BODY = YES;
				CLANG_WARN_ENUM_CONVERSION = YES;
				CLANG_WARN_INFINITE_RECURSION = YES;
				CLANG_WARN_INT_CONVERSION = YES;
				CLANG_WARN_NON_LITERAL_NULL_CONVERSION = YES;
				CLANG_WARN_OBJC_IMPLICIT_RETAIN_SELF = YES;
				CLANG_WARN_OBJC_LITERAL_CONVERSION = YES;
				CLANG_WARN_OBJC_ROOT_CLASS = YES_ERROR;
				CLANG_WARN_RANGE_LOOP_ANALYSIS = YES;
				CLANG_WARN_STRICT_PROTOTYPES = YES;
				CLANG_WARN_SUSPICIOUS_MOVE = YES;
				CLANG_WARN_UNGUARDED_AVAILABILITY = YES_AGGRESSIVE;
				CLANG_WARN_UNREACHABLE_CODE = YES;
				CLANG_WARN__DUPLICATE_METHOD_MATCH = YES;
				CODE_SIGN_IDENTITY = "iPhone Developer";
				COPY_PHASE_STRIP = NO;
				DEBUG_INFORMATION_FORMAT = "dwarf-with-dsym";
				ENABLE_NS_ASSERTIONS = NO;
				ENABLE_STRICT_OBJC_MSGSEND = YES;
				GCC_C_LANGUAGE_STANDARD = gnu11;
				GCC_NO_COMMON_BLOCKS = YES;
				GCC_WARN_64_TO_32_BIT_CONVERSION = YES;
				GCC_WARN_ABOUT_RETURN_TYPE = YES_ERROR;
				GCC_WARN_UNDECLARED_SELECTOR = YES;
				GCC_WARN_UNINITIALIZED_AUTOS = YES_AGGRESSIVE;
				GCC_WARN_UNUSED_FUNCTION = YES;
				GCC_WARN_UNUSED_VARIABLE = YES;
				IPHONEOS_DEPLOYMENT_TARGET = 12.0;
				MTL_ENABLE_DEBUG_INFO = NO;
				MTL_FAST_MATH = YES;
				SDKROOT = iphoneos;
				SWIFT_COMPILATION_MODE = wholemodule;
				SWIFT_OPTIMIZATION_LEVEL = "-O";
				VALIDATE_PRODUCT = YES;
			};
			name = Release;
		};
		F46787FB22D2E4340035E3D1 /* Debug */ = {
			isa = XCBuildConfiguration;
			buildSettings = {
				ASSETCATALOG_COMPILER_APPICON_NAME = AppIcon;
				CODE_SIGN_STYLE = Automatic;
				INFOPLIST_FILE = /Users/Ngoc/Desktop/MVC_edmo/MVC_edmo/SupportingFile/Info.plist;
				IPHONEOS_DEPLOYMENT_TARGET = 12;
				LD_RUNPATH_SEARCH_PATHS = (
					"$(inherited)",
					"@executable_path/Frameworks",
				);
				PRODUCT_BUNDLE_IDENTIFIER = "QN.MVC-edmo";
				PRODUCT_NAME = "$(TARGET_NAME)";
				SWIFT_VERSION = 4.2;
				TARGETED_DEVICE_FAMILY = "1,2";
			};
			name = Debug;
		};
		F46787FC22D2E4340035E3D1 /* Release */ = {
			isa = XCBuildConfiguration;
			buildSettings = {
				ASSETCATALOG_COMPILER_APPICON_NAME = AppIcon;
				CODE_SIGN_STYLE = Automatic;
				INFOPLIST_FILE = /Users/Ngoc/Desktop/MVC_edmo/MVC_edmo/SupportingFile/Info.plist;
				IPHONEOS_DEPLOYMENT_TARGET = 12;
				LD_RUNPATH_SEARCH_PATHS = (
					"$(inherited)",
					"@executable_path/Frameworks",
				);
				PRODUCT_BUNDLE_IDENTIFIER = "QN.MVC-edmo";
				PRODUCT_NAME = "$(TARGET_NAME)";
				SWIFT_VERSION = 4.2;
				TARGETED_DEVICE_FAMILY = "1,2";
			};
			name = Release;
		};
/* End XCBuildConfiguration section */

/* Begin XCConfigurationList section */
		F46787E322D2E4340035E3D1 /* Build configuration list for PBXProject "MVC_edmo" */ = {
			isa = XCConfigurationList;
			buildConfigurations = (
				F46787F822D2E4340035E3D1 /* Debug */,
				F46787F922D2E4340035E3D1 /* Release */,
			);
			defaultConfigurationIsVisible = 0;
			defaultConfigurationName = Release;
		};
		F46787FA22D2E4340035E3D1 /* Build configuration list for PBXNativeTarget "MVC_edmo" */ = {
			isa = XCConfigurationList;
			buildConfigurations = (
				F46787FB22D2E4340035E3D1 /* Debug */,
				F46787FC22D2E4340035E3D1 /* Release */,
			);
			defaultConfigurationIsVisible = 0;
			defaultConfigurationName = Release;
		};
/* End XCConfigurationList section */
	};
	rootObject = F46787E022D2E4340035E3D1 /* Project object */;
}
